
Microsoft Visual Studio Solution File, Format Version 12.00
# Visual Studio Version 17
VisualStudioVersion = 17.0.31903.59
MinimumVisualStudioVersion = 10.0.40219.1
Project("{FAE04EC0-301F-11D3-BF4B-00C04F79EFBC}") = "AIEnglishTeacher.API", "AIEnglishTeacher.API\AIEnglishTeacher.API.csproj", "{30A6F389-4F45-4721-9273-E1E8074E3670}"
EndProject
Project("{FAE04EC0-301F-11D3-BF4B-00C04F79EFBC}") = "AIEnglishTeacher.Core", "AIEnglishTeacher.Core\AIEnglishTeacher.Core.csproj", "{A71BEBE2-4BE7-4795-B0FE-5EC5CB866771}"
EndProject
Global
	GlobalSection(SolutionConfigurationPlatforms) = preSolution
		Debug|Any CPU = Debug|Any CPU
		Release|Any CPU = Release|Any CPU
	EndGlobalSection
	GlobalSection(SolutionProperties) = preSolution
		HideSolutionNode = FALSE
	EndGlobalSection
	GlobalSection(ProjectConfigurationPlatforms) = postSolution
		{30A6F389-4F45-4721-9273-E1E8074E3670}.Debug|Any CPU.ActiveCfg = Debug|Any CPU
		{30A6F389-4F45-4721-9273-E1E8074E3670}.Debug|Any CPU.Build.0 = Debug|Any CPU
		{30A6F389-4F45-4721-9273-E1E8074E3670}.Release|Any CPU.ActiveCfg = Release|Any CPU
		{30A6F389-4F45-4721-9273-E1E8074E3670}.Release|Any CPU.Build.0 = Release|Any CPU
		{A71BEBE2-4BE7-4795-B0FE-5EC5CB866771}.Debug|Any CPU.ActiveCfg = Debug|Any CPU
		{A71BEBE2-4BE7-4795-B0FE-5EC5CB866771}.Debug|Any CPU.Build.0 = Debug|Any CPU
		{A71BEBE2-4BE7-4795-B0FE-5EC5CB866771}.Release|Any CPU.ActiveCfg = Release|Any CPU
		{A71BEBE2-4BE7-4795-B0FE-5EC5CB866771}.Release|Any CPU.Build.0 = Release|Any CPU
	EndGlobalSection
EndGlobal
