
Microsoft Visual Studio Solution File, Format Version 12.00
# Visual Studio Version 17
VisualStudioVersion = 17.5.33209.295
MinimumVisualStudioVersion = 10.0.40219.1
Project("{FAE04EC0-301F-11D3-BF4B-00C04F79EFBC}") = "OpenAI", "OpenAI\OpenAI.csproj", "{D88C5E05-AF24-4939-A117-59E185F5F299}"
EndProject
Global
	GlobalSection(SolutionConfigurationPlatforms) = preSolution
		Debug|Any CPU = Debug|Any CPU
		Release|Any CPU = Release|Any CPU
	EndGlobalSection
	GlobalSection(ProjectConfigurationPlatforms) = postSolution
		{D88C5E05-AF24-4939-A117-59E185F5F299}.Debug|Any CPU.ActiveCfg = Debug|Any CPU
		{D88C5E05-AF24-4939-A117-59E185F5F299}.Debug|Any CPU.Build.0 = Debug|Any CPU
		{D88C5E05-AF24-4939-A117-59E185F5F299}.Release|Any CPU.ActiveCfg = Release|Any CPU
		{D88C5E05-AF24-4939-A117-59E185F5F299}.Release|Any CPU.Build.0 = Release|Any CPU
	EndGlobalSection
	GlobalSection(SolutionProperties) = preSolution
		HideSolutionNode = FALSE
	EndGlobalSection
	GlobalSection(ExtensibilityGlobals) = postSolution
		SolutionGuid = {68E49F19-DC53-4C31-81E8-AE1A984C52F7}
	EndGlobalSection
EndGlobal
